// !$*UTF8*$!
{
	archiveVersion = 1;
	classes = {
	};
	objectVersion = 46;
	objects = {

/* Begin PBXBuildFile section */
		996B145219D3E350006B77FA /* main.mm in Sources */ = {isa = PBXBuildFile; fileRef = 996B145119D3E350006B77FA /* main.mm */; };
		996B145519D3E350006B77FA /* AppDelegate.m in Sources */ = {isa = PBXBuildFile; fileRef = 996B145419D3E350006B77FA /* AppDelegate.m */; };
		996B145819D3E350006B77FA /* ViewController.m in Sources */ = {isa = PBXBuildFile; fileRef = 996B145719D3E350006B77FA /* ViewController.m */; };
		996B145B19D3E350006B77FA /* Main.storyboard in Resources */ = {isa = PBXBuildFile; fileRef = 996B145919D3E350006B77FA /* Main.storyboard */; };
		996B145D19D3E350006B77FA /* Images.xcassets in Resources */ = {isa = PBXBuildFile; fileRef = 996B145C19D3E350006B77FA /* Images.xcassets */; };
		996B146019D3E350006B77FA /* LaunchScreen.xib in Resources */ = {isa = PBXBuildFile; fileRef = 996B145E19D3E350006B77FA /* LaunchScreen.xib */; };
		996B146C19D3E350006B77FA /* Poco_VerifyTests.m in Sources */ = {isa = PBXBuildFile; fileRef = 996B146B19D3E350006B77FA /* Poco_VerifyTests.m */; };
		996B179A19D3E4FE006B77FA /* Project.xcconfig in Resources */ = {isa = PBXBuildFile; fileRef = 996B179919D3E4FE006B77FA /* Project.xcconfig */; };
/* End PBXBuildFile section */

/* Begin PBXContainerItemProxy section */
		996B146619D3E350006B77FA /* PBXContainerItemProxy */ = {
			isa = PBXContainerItemProxy;
			containerPortal = 996B144419D3E350006B77FA /* Project object */;
			proxyType = 1;
			remoteGlobalIDString = 996B144B19D3E350006B77FA;
			remoteInfo = "Poco-Verify";
		};
/* End PBXContainerItemProxy section */

/* Begin PBXFileReference section */
		996B144C19D3E350006B77FA /* Poco-Verify.app */ = {isa = PBXFileReference; explicitFileType = wrapper.application; includeInIndex = 0; path = "Poco-Verify.app"; sourceTree = BUILT_PRODUCTS_DIR; };
		996B145019D3E350006B77FA /* Info.plist */ = {isa = PBXFileReference; lastKnownFileType = text.plist.xml; path = Info.plist; sourceTree = "<group>"; };
		996B145119D3E350006B77FA /* main.mm */ = {isa = PBXFileReference; lastKnownFileType = sourcecode.cpp.objcpp; path = main.mm; sourceTree = "<group>"; };
		996B145319D3E350006B77FA /* AppDelegate.h */ = {isa = PBXFileReference; lastKnownFileType = sourcecode.c.h; path = AppDelegate.h; sourceTree = "<group>"; };
		996B145419D3E350006B77FA /* AppDelegate.m */ = {isa = PBXFileReference; lastKnownFileType = sourcecode.c.objc; path = AppDelegate.m; sourceTree = "<group>"; };
		996B145619D3E350006B77FA /* ViewController.h */ = {isa = PBXFileReference; lastKnownFileType = sourcecode.c.h; path = ViewController.h; sourceTree = "<group>"; };
		996B145719D3E350006B77FA /* ViewController.m */ = {isa = PBXFileReference; lastKnownFileType = sourcecode.c.objc; path = ViewController.m; sourceTree = "<group>"; };
		996B145A19D3E350006B77FA /* Base */ = {isa = PBXFileReference; lastKnownFileType = file.storyboard; name = Base; path = Base.lproj/Main.storyboard; sourceTree = "<group>"; };
		996B145C19D3E350006B77FA /* Images.xcassets */ = {isa = PBXFileReference; lastKnownFileType = folder.assetcatalog; path = Images.xcassets; sourceTree = "<group>"; };
		996B145F19D3E350006B77FA /* Base */ = {isa = PBXFileReference; lastKnownFileType = file.xib; name = Base; path = Base.lproj/LaunchScreen.xib; sourceTree = "<group>"; };
		996B146519D3E350006B77FA /* Poco-VerifyTests.xctest */ = {isa = PBXFileReference; explicitFileType = wrapper.cfbundle; includeInIndex = 0; path = "Poco-VerifyTests.xctest"; sourceTree = BUILT_PRODUCTS_DIR; };
		996B146A19D3E350006B77FA /* Info.plist */ = {isa = PBXFileReference; lastKnownFileType = text.plist.xml; path = Info.plist; sourceTree = "<group>"; };
		996B146B19D3E350006B77FA /* Poco_VerifyTests.m */ = {isa = PBXFileReference; lastKnownFileType = sourcecode.c.objc; path = Poco_VerifyTests.m; sourceTree = "<group>"; };
		996B179919D3E4FE006B77FA /* Project.xcconfig */ = {isa = PBXFileReference; fileEncoding = 4; lastKnownFileType = text.xcconfig; path = Project.xcconfig; sourceTree = "<group>"; };
/* End PBXFileReference section */

/* Begin PBXFrameworksBuildPhase section */
		996B144919D3E350006B77FA /* Frameworks */ = {
			isa = PBXFrameworksBuildPhase;
			buildActionMask = 2147483647;
			files = (
			);
			runOnlyForDeploymentPostprocessing = 0;
		};
		996B146219D3E350006B77FA /* Frameworks */ = {
			isa = PBXFrameworksBuildPhase;
			buildActionMask = 2147483647;
			files = (
			);
			runOnlyForDeploymentPostprocessing = 0;
		};
/* End PBXFrameworksBuildPhase section */

/* Begin PBXGroup section */
		996B144319D3E350006B77FA = {
			isa = PBXGroup;
			children = (
				996B179919D3E4FE006B77FA /* Project.xcconfig */,
				996B147519D3E3C1006B77FA /* PocoLib */,
				996B144E19D3E350006B77FA /* Poco-Verify */,
				996B146819D3E350006B77FA /* Poco-VerifyTests */,
				996B144D19D3E350006B77FA /* Products */,
			);
			sourceTree = "<group>";
		};
		996B144D19D3E350006B77FA /* Products */ = {
			isa = PBXGroup;
			children = (
				996B144C19D3E350006B77FA /* Poco-Verify.app */,
				996B146519D3E350006B77FA /* Poco-VerifyTests.xctest */,
			);
			name = Products;
			sourceTree = "<group>";
		};
		996B144E19D3E350006B77FA /* Poco-Verify */ = {
			isa = PBXGroup;
			children = (
				996B145319D3E350006B77FA /* AppDelegate.h */,
				996B145419D3E350006B77FA /* AppDelegate.m */,
				996B145619D3E350006B77FA /* ViewController.h */,
				996B145719D3E350006B77FA /* ViewController.m */,
				996B145919D3E350006B77FA /* Main.storyboard */,
				996B145C19D3E350006B77FA /* Images.xcassets */,
				996B145E19D3E350006B77FA /* LaunchScreen.xib */,
				996B144F19D3E350006B77FA /* Supporting Files */,
			);
			path = "Poco-Verify";
			sourceTree = "<group>";
		};
		996B144F19D3E350006B77FA /* Supporting Files */ = {
			isa = PBXGroup;
			children = (
				996B145019D3E350006B77FA /* Info.plist */,
				996B145119D3E350006B77FA /* main.mm */,
			);
			name = "Supporting Files";
			sourceTree = "<group>";
		};
		996B146819D3E350006B77FA /* Poco-VerifyTests */ = {
			isa = PBXGroup;
			children = (
				996B146B19D3E350006B77FA /* Poco_VerifyTests.m */,
				996B146919D3E350006B77FA /* Supporting Files */,
			);
			path = "Poco-VerifyTests";
			sourceTree = "<group>";
		};
		996B146919D3E350006B77FA /* Supporting Files */ = {
			isa = PBXGroup;
			children = (
				996B146A19D3E350006B77FA /* Info.plist */,
			);
			name = "Supporting Files";
			sourceTree = "<group>";
		};
		996B147519D3E3C1006B77FA /* PocoLib */ = {
			isa = PBXGroup;
			children = (
				996B177E19D3E3C3006B77FA /* ios */,
			);
			path = PocoLib;
			sourceTree = "<group>";
		};
		996B177E19D3E3C3006B77FA /* ios */ = {
			isa = PBXGroup;
			children = (
			);
			path = ios;
			sourceTree = "<group>";
		};
/* End PBXGroup section */

/* Begin PBXNativeTarget section */
		996B144B19D3E350006B77FA /* Poco-Verify */ = {
			isa = PBXNativeTarget;
			buildConfigurationList = 996B146F19D3E350006B77FA /* Build configuration list for PBXNativeTarget "Poco-Verify" */;
			buildPhases = (
				996B144819D3E350006B77FA /* Sources */,
				996B144919D3E350006B77FA /* Frameworks */,
				996B144A19D3E350006B77FA /* Resources */,
			);
			buildRules = (
			);
			dependencies = (
			);
			name = "Poco-Verify";
			productName = "Poco-Verify";
			productReference = 996B144C19D3E350006B77FA /* Poco-Verify.app */;
			productType = "com.apple.product-type.application";
		};
		996B146419D3E350006B77FA /* Poco-VerifyTests */ = {
			isa = PBXNativeTarget;
			buildConfigurationList = 996B147219D3E350006B77FA /* Build configuration list for PBXNativeTarget "Poco-VerifyTests" */;
			buildPhases = (
				996B146119D3E350006B77FA /* Sources */,
				996B146219D3E350006B77FA /* Frameworks */,
				996B146319D3E350006B77FA /* Resources */,
			);
			buildRules = (
			);
			dependencies = (
				996B146719D3E350006B77FA /* PBXTargetDependency */,
			);
			name = "Poco-VerifyTests";
			productName = "Poco-VerifyTests";
			productReference = 996B146519D3E350006B77FA /* Poco-VerifyTests.xctest */;
			productType = "com.apple.product-type.bundle.unit-test";
		};
/* End PBXNativeTarget section */

/* Begin PBXProject section */
		996B144419D3E350006B77FA /* Project object */ = {
			isa = PBXProject;
			attributes = {
				LastUpgradeCheck = 0600;
				TargetAttributes = {
					996B144B19D3E350006B77FA = {
						CreatedOnToolsVersion = 6.0.1;
					};
					996B146419D3E350006B77FA = {
						CreatedOnToolsVersion = 6.0.1;
						TestTargetID = 996B144B19D3E350006B77FA;
					};
				};
			};
			buildConfigurationList = 996B144719D3E350006B77FA /* Build configuration list for PBXProject "Poco-Verify" */;
			compatibilityVersion = "Xcode 3.2";
			developmentRegion = English;
			hasScannedForEncodings = 0;
			knownRegions = (
				en,
				Base,
			);
			mainGroup = 996B144319D3E350006B77FA;
			productRefGroup = 996B144D19D3E350006B77FA /* Products */;
			projectDirPath = "";
			projectRoot = "";
			targets = (
				996B144B19D3E350006B77FA /* Poco-Verify */,
				996B146419D3E350006B77FA /* Poco-VerifyTests */,
			);
		};
/* End PBXProject section */

/* Begin PBXResourcesBuildPhase section */
		996B144A19D3E350006B77FA /* Resources */ = {
			isa = PBXResourcesBuildPhase;
			buildActionMask = 2147483647;
			files = (
				996B145B19D3E350006B77FA /* Main.storyboard in Resources */,
				996B146019D3E350006B77FA /* LaunchScreen.xib in Resources */,
				996B179A19D3E4FE006B77FA /* Project.xcconfig in Resources */,
				996B145D19D3E350006B77FA /* Images.xcassets in Resources */,
			);
			runOnlyForDeploymentPostprocessing = 0;
		};
		996B146319D3E350006B77FA /* Resources */ = {
			isa = PBXResourcesBuildPhase;
			buildActionMask = 2147483647;
			files = (
			);
			runOnlyForDeploymentPostprocessing = 0;
		};
/* End PBXResourcesBuildPhase section */

/* Begin PBXSourcesBuildPhase section */
		996B144819D3E350006B77FA /* Sources */ = {
			isa = PBXSourcesBuildPhase;
			buildActionMask = 2147483647;
			files = (
				996B145819D3E350006B77FA /* ViewController.m in Sources */,
				996B145519D3E350006B77FA /* AppDelegate.m in Sources */,
				996B145219D3E350006B77FA /* main.mm in Sources */,
			);
			runOnlyForDeploymentPostprocessing = 0;
		};
		996B146119D3E350006B77FA /* Sources */ = {
			isa = PBXSourcesBuildPhase;
			buildActionMask = 2147483647;
			files = (
				996B146C19D3E350006B77FA /* Poco_VerifyTests.m in Sources */,
			);
			runOnlyForDeploymentPostprocessing = 0;
		};
/* End PBXSourcesBuildPhase section */

/* Begin PBXTargetDependency section */
		996B146719D3E350006B77FA /* PBXTargetDependency */ = {
			isa = PBXTargetDependency;
			target = 996B144B19D3E350006B77FA /* Poco-Verify */;
			targetProxy = 996B146619D3E350006B77FA /* PBXContainerItemProxy */;
		};
/* End PBXTargetDependency section */

/* Begin PBXVariantGroup section */
		996B145919D3E350006B77FA /* Main.storyboard */ = {
			isa = PBXVariantGroup;
			children = (
				996B145A19D3E350006B77FA /* Base */,
			);
			name = Main.storyboard;
			sourceTree = "<group>";
		};
		996B145E19D3E350006B77FA /* LaunchScreen.xib */ = {
			isa = PBXVariantGroup;
			children = (
				996B145F19D3E350006B77FA /* Base */,
			);
			name = LaunchScreen.xib;
			sourceTree = "<group>";
		};
/* End PBXVariantGroup section */

/* Begin XCBuildConfiguration section */
		996B146D19D3E350006B77FA /* Debug */ = {
			isa = XCBuildConfiguration;
			buildSettings = {
				ALWAYS_SEARCH_USER_PATHS = NO;
				CLANG_CXX_LANGUAGE_STANDARD = "gnu++0x";
				CLANG_CXX_LIBRARY = "libc++";
				CLANG_ENABLE_MODULES = YES;
				CLANG_ENABLE_OBJC_ARC = YES;
				CLANG_WARN_BOOL_CONVERSION = YES;
				CLANG_WARN_CONSTANT_CONVERSION = YES;
				CLANG_WARN_DIRECT_OBJC_ISA_USAGE = YES_ERROR;
				CLANG_WARN_EMPTY_BODY = YES;
				CLANG_WARN_ENUM_CONVERSION = YES;
				CLANG_WARN_INT_CONVERSION = YES;
				CLANG_WARN_OBJC_ROOT_CLASS = YES_ERROR;
				CLANG_WARN_UNREACHABLE_CODE = YES;
				CLANG_WARN__DUPLICATE_METHOD_MATCH = YES;
				"CODE_SIGN_IDENTITY[sdk=iphoneos*]" = "iPhone Developer";
				COPY_PHASE_STRIP = NO;
				ENABLE_STRICT_OBJC_MSGSEND = YES;
				GCC_C_LANGUAGE_STANDARD = gnu11;
				GCC_DYNAMIC_NO_PIC = NO;
				GCC_OPTIMIZATION_LEVEL = 0;
				GCC_PREPROCESSOR_DEFINITIONS = (
					"DEBUG=1",
					"$(inherited)",
				);
				GCC_SYMBOLS_PRIVATE_EXTERN = NO;
				GCC_WARN_64_TO_32_BIT_CONVERSION = YES;
				GCC_WARN_ABOUT_RETURN_TYPE = YES_ERROR;
				GCC_WARN_UNDECLARED_SELECTOR = YES;
				GCC_WARN_UNINITIALIZED_AUTOS = YES_AGGRESSIVE;
				GCC_WARN_UNUSED_FUNCTION = YES;
				GCC_WARN_UNUSED_VARIABLE = YES;
				IPHONEOS_DEPLOYMENT_TARGET = 8.0;
				MTL_ENABLE_DEBUG_INFO = YES;
				ONLY_ACTIVE_ARCH = YES;
				SDKROOT = iphoneos;
				TARGETED_DEVICE_FAMILY = "1,2";
			};
			name = Debug;
		};
		996B146E19D3E350006B77FA /* Release */ = {
			isa = XCBuildConfiguration;
			buildSettings = {
				ALWAYS_SEARCH_USER_PATHS = NO;
				CLANG_CXX_LANGUAGE_STANDARD = "gnu++0x";
				CLANG_CXX_LIBRARY = "libc++";
				CLANG_ENABLE_MODULES = YES;
				CLANG_ENABLE_OBJC_ARC = YES;
				CLANG_WARN_BOOL_CONVERSION = YES;
				CLANG_WARN_CONSTANT_CONVERSION = YES;
				CLANG_WARN_DIRECT_OBJC_ISA_USAGE = YES_ERROR;
				CLANG_WARN_EMPTY_BODY = YES;
				CLANG_WARN_ENUM_CONVERSION = YES;
				CLANG_WARN_INT_CONVERSION = YES;
				CLANG_WARN_OBJC_ROOT_CLASS = YES_ERROR;
				CLANG_WARN_UNREACHABLE_CODE = YES;
				CLANG_WARN__DUPLICATE_METHOD_MATCH = YES;
				"CODE_SIGN_IDENTITY[sdk=iphoneos*]" = "iPhone Developer";
				COPY_PHASE_STRIP = YES;
				ENABLE_NS_ASSERTIONS = NO;
				ENABLE_STRICT_OBJC_MSGSEND = YES;
				GCC_C_LANGUAGE_STANDARD = gnu11;
				GCC_WARN_64_TO_32_BIT_CONVERSION = YES;
				GCC_WARN_ABOUT_RETURN_TYPE = YES_ERROR;
				GCC_WARN_UNDECLARED_SELECTOR = YES;
				GCC_WARN_UNINITIALIZED_AUTOS = YES_AGGRESSIVE;
				GCC_WARN_UNUSED_FUNCTION = YES;
				GCC_WARN_UNUSED_VARIABLE = YES;
				IPHONEOS_DEPLOYMENT_TARGET = 8.0;
				MTL_ENABLE_DEBUG_INFO = NO;
				SDKROOT = iphoneos;
				TARGETED_DEVICE_FAMILY = "1,2";
				VALIDATE_PRODUCT = YES;
			};
			name = Release;
		};
		996B147019D3E350006B77FA /* Debug */ = {
			isa = XCBuildConfiguration;
			baseConfigurationReference = 996B179919D3E4FE006B77FA /* Project.xcconfig */;
			buildSettings = {
				ASSETCATALOG_COMPILER_APPICON_NAME = AppIcon;
				INFOPLIST_FILE = "Poco-Verify/Info.plist";
				LD_RUNPATH_SEARCH_PATHS = "$(inherited) @executable_path/Frameworks";
				LIBRARY_SEARCH_PATHS = (
					"$(inherited)",
					"$(PROJECT_DIR)/PocoLib/ios",
				);
				ONLY_ACTIVE_ARCH = NO;
				PRODUCT_NAME = "$(TARGET_NAME)";
			};
			name = Debug;
		};
		996B147119D3E350006B77FA /* Release */ = {
			isa = XCBuildConfiguration;
			baseConfigurationReference = 996B179919D3E4FE006B77FA /* Project.xcconfig */;
			buildSettings = {
				ASSETCATALOG_COMPILER_APPICON_NAME = AppIcon;
				INFOPLIST_FILE = "Poco-Verify/Info.plist";
				LD_RUNPATH_SEARCH_PATHS = "$(inherited) @executable_path/Frameworks";
				LIBRARY_SEARCH_PATHS = (
					"$(inherited)",
					"$(PROJECT_DIR)/PocoLib/ios",
				);
				ONLY_ACTIVE_ARCH = YES;
				PRODUCT_NAME = "$(TARGET_NAME)";
			};
			name = Release;
		};
		996B147319D3E350006B77FA /* Debug */ = {
			isa = XCBuildConfiguration;
			buildSettings = {
				BUNDLE_LOADER = "$(TEST_HOST)";
				FRAMEWORK_SEARCH_PATHS = (
					"$(SDKROOT)/Developer/Library/Frameworks",
					"$(inherited)",
				);
				GCC_PREPROCESSOR_DEFINITIONS = (
					"DEBUG=1",
					"$(inherited)",
				);
				INFOPLIST_FILE = "Poco-VerifyTests/Info.plist";
				LD_RUNPATH_SEARCH_PATHS = "$(inherited) @executable_path/Frameworks @loader_path/Frameworks";
				PRODUCT_NAME = "$(TARGET_NAME)";
				TEST_HOST = "$(BUILT_PRODUCTS_DIR)/Poco-Verify.app/Poco-Verify";
			};
			name = Debug;
		};
		996B147419D3E350006B77FA /* Release */ = {
			isa = XCBuildConfiguration;
			buildSettings = {
				BUNDLE_LOADER = "$(TEST_HOST)";
				FRAMEWORK_SEARCH_PATHS = (
					"$(SDKROOT)/Developer/Library/Frameworks",
					"$(inherited)",
				);
				INFOPLIST_FILE = "Poco-VerifyTests/Info.plist";
				LD_RUNPATH_SEARCH_PATHS = "$(inherited) @executable_path/Frameworks @loader_path/Frameworks";
				PRODUCT_NAME = "$(TARGET_NAME)";
				TEST_HOST = "$(BUILT_PRODUCTS_DIR)/Poco-Verify.app/Poco-Verify";
			};
			name = Release;
		};
/* End XCBuildConfiguration section */

/* Begin XCConfigurationList section */
		996B144719D3E350006B77FA /* Build configuration list for PBXProject "Poco-Verify" */ = {
			isa = XCConfigurationList;
			buildConfigurations = (
				996B146D19D3E350006B77FA /* Debug */,
				996B146E19D3E350006B77FA /* Release */,
			);
			defaultConfigurationIsVisible = 0;
			defaultConfigurationName = Release;
		};
		996B146F19D3E350006B77FA /* Build configuration list for PBXNativeTarget "Poco-Verify" */ = {
			isa = XCConfigurationList;
			buildConfigurations = (
				996B147019D3E350006B77FA /* Debug */,
				996B147119D3E350006B77FA /* Release */,
			);
			defaultConfigurationIsVisible = 0;
			defaultConfigurationName = Release;
		};
		996B147219D3E350006B77FA /* Build configuration list for PBXNativeTarget "Poco-VerifyTests" */ = {
			isa = XCConfigurationList;
			buildConfigurations = (
				996B147319D3E350006B77FA /* Debug */,
				996B147419D3E350006B77FA /* Release */,
			);
			defaultConfigurationIsVisible = 0;
			defaultConfigurationName = Release;
		};
/* End XCConfigurationList section */
	};
	rootObject = 996B144419D3E350006B77FA /* Project object */;
}
